
Microsoft Visual Studio Solution File, Format Version 12.00
# Visual Studio Version 17
VisualStudioVersion = 17.14.36221.1 d17.14
MinimumVisualStudioVersion = 10.0.40219.1
Project("{FAE04EC0-301F-11D3-BF4B-00C04F79EFBC}") = "BestStoreMVC", "BestStoreMVC\BestStoreMVC.csproj", "{306315FA-A4A4-442E-A03C-9D6ED099888F}"
EndProject
Global
	GlobalSection(SolutionConfigurationPlatforms) = preSolution
		Debug|Any CPU = Debug|Any CPU
		Release|Any CPU = Release|Any CPU
	EndGlobalSection
	GlobalSection(ProjectConfigurationPlatforms) = postSolution
		{306315FA-A4A4-442E-A03C-9D6ED099888F}.Debug|Any CPU.ActiveCfg = Debug|Any CPU
		{306315FA-A4A4-442E-A03C-9D6ED099888F}.Debug|Any CPU.Build.0 = Debug|Any CPU
		{306315FA-A4A4-442E-A03C-9D6ED099888F}.Release|Any CPU.ActiveCfg = Release|Any CPU
		{306315FA-A4A4-442E-A03C-9D6ED099888F}.Release|Any CPU.Build.0 = Release|Any CPU
	EndGlobalSection
	GlobalSection(SolutionProperties) = preSolution
		HideSolutionNode = FALSE
	EndGlobalSection
	GlobalSection(ExtensibilityGlobals) = postSolution
		SolutionGuid = {F556D6E6-25E1-441E-9631-12E18F79D867}
	EndGlobalSection
EndGlobal
